
Microsoft Visual Studio Solution File, Format Version 12.00
# Visual Studio Version 17
VisualStudioVersion = 17.4.33213.308
MinimumVisualStudioVersion = 10.0.40219.1
Project("{9A19103F-16F7-4668-BE54-9A1E7A4F7556}") = "Tutorial", "Tutorial\Tutorial.csproj", "{E7E0D97F-0777-490B-85C8-F49706AC5AF3}"
EndProject
Global
	GlobalSection(SolutionConfigurationPlatforms) = preSolution
		Debug|Any CPU = Debug|Any CPU
		Release|Any CPU = Release|Any CPU
	EndGlobalSection
	GlobalSection(ProjectConfigurationPlatforms) = postSolution
		{E7E0D97F-0777-490B-85C8-F49706AC5AF3}.Debug|Any CPU.ActiveCfg = Debug|Any CPU
		{E7E0D97F-0777-490B-85C8-F49706AC5AF3}.Debug|Any CPU.Build.0 = Debug|Any CPU
		{E7E0D97F-0777-490B-85C8-F49706AC5AF3}.Release|Any CPU.ActiveCfg = Release|Any CPU
		{E7E0D97F-0777-490B-85C8-F49706AC5AF3}.Release|Any CPU.Build.0 = Release|Any CPU
	EndGlobalSection
	GlobalSection(SolutionProperties) = preSolution
		HideSolutionNode = FALSE
	EndGlobalSection
	GlobalSection(ExtensibilityGlobals) = postSolution
		SolutionGuid = {DE620D94-8ABB-4992-B713-5AE066DBD411}
	EndGlobalSection
EndGlobal
